{
  "name": "codespaces-blank",
  "lockfileVersion": 3,
  "requires": true,
  "packages": {
    "": {
      "dependencies": {
        "textarea-caret": "^3.1.0"
      },
      "devDependencies": {
        "@types/textarea-caret": "^3.0.4"
      }
    },
    "node_modules/@types/textarea-caret": {
      "version": "3.0.4",
      "resolved": "https://registry.npmjs.org/@types/textarea-caret/-/textarea-caret-3.0.4.tgz",
      "integrity": "sha512-epJGYB37/sNrTDbhfyRjHkXsQSAcO6zby0JBDS0QMt6HQ1f1W2E4YpSc7TQkNmWaWmYXv92zOIfN5PHA8CmThg==",
      "dev": true,
      "license": "MIT"
    },
    "node_modules/textarea-caret": {
      "version": "3.1.0",
      "resolved": "https://registry.npmjs.org/textarea-caret/-/textarea-caret-3.1.0.tgz",
      "integrity": "sha512-cXAvzO9pP5CGa6NKx0WYHl+8CHKZs8byMkt3PCJBCmq2a34YA9pO1NrQET5pzeqnBjBdToF5No4rrmkDUgQC2Q==",
      "license": "MIT"
    }
  }
}
